// !$*UTF8*$!
{
	archiveVersion = 1;
	classes = {
	};
	objectVersion = 46;
	objects = {

/* Begin PBXBuildFile section */
		4CF6D3481D14EF860048F0FD /* AppDelegate.swift in Sources */ = {isa = PBXBuildFile; fileRef = 4CF6D3471D14EF860048F0FD /* AppDelegate.swift */; };
		4CF6D34A1D14EF860048F0FD /* ViewController.swift in Sources */ = {isa = PBXBuildFile; fileRef = 4CF6D3491D14EF860048F0FD /* ViewController.swift */; };
		4CF6D34D1D14EF860048F0FD /* Main.storyboard in Resources */ = {isa = PBXBuildFile; fileRef = 4CF6D34B1D14EF860048F0FD /* Main.storyboard */; };
		4CF6D34F1D14EF860048F0FD /* Assets.xcassets in Resources */ = {isa = PBXBuildFile; fileRef = 4CF6D34E1D14EF860048F0FD /* Assets.xcassets */; };
		4CF6D3521D14EF860048F0FD /* LaunchScreen.storyboard in Resources */ = {isa = PBXBuildFile; fileRef = 4CF6D3501D14EF860048F0FD /* LaunchScreen.storyboard */; };
		4CF6D35D1D14EF860048F0FD /* TomaTalkTests.swift in Sources */ = {isa = PBXBuildFile; fileRef = 4CF6D35C1D14EF860048F0FD /* TomaTalkTests.swift */; };
		4CF6D3681D14EF860048F0FD /* TomaTalkUITests.swift in Sources */ = {isa = PBXBuildFile; fileRef = 4CF6D3671D14EF860048F0FD /* TomaTalkUITests.swift */; };
/* End PBXBuildFile section */

/* Begin PBXContainerItemProxy section */
		4CF6D3591D14EF860048F0FD /* PBXContainerItemProxy */ = {
			isa = PBXContainerItemProxy;
			containerPortal = 4CF6D33C1D14EF860048F0FD /* Project object */;
			proxyType = 1;
			remoteGlobalIDString = 4CF6D3431D14EF860048F0FD;
			remoteInfo = TomaTalk;
		};
		4CF6D3641D14EF860048F0FD /* PBXContainerItemProxy */ = {
			isa = PBXContainerItemProxy;
			containerPortal = 4CF6D33C1D14EF860048F0FD /* Project object */;
			proxyType = 1;
			remoteGlobalIDString = 4CF6D3431D14EF860048F0FD;
			remoteInfo = TomaTalk;
		};
/* End PBXContainerItemProxy section */

/* Begin PBXFileReference section */
		4CF6D3441D14EF860048F0FD /* TomaTalk.app */ = {isa = PBXFileReference; explicitFileType = wrapper.application; includeInIndex = 0; path = TomaTalk.app; sourceTree = BUILT_PRODUCTS_DIR; };
		4CF6D3471D14EF860048F0FD /* AppDelegate.swift */ = {isa = PBXFileReference; lastKnownFileType = sourcecode.swift; path = AppDelegate.swift; sourceTree = "<group>"; };
		4CF6D3491D14EF860048F0FD /* ViewController.swift */ = {isa = PBXFileReference; lastKnownFileType = sourcecode.swift; path = ViewController.swift; sourceTree = "<group>"; };
		4CF6D34C1D14EF860048F0FD /* Base */ = {isa = PBXFileReference; lastKnownFileType = file.storyboard; name = Base; path = Base.lproj/Main.storyboard; sourceTree = "<group>"; };
		4CF6D34E1D14EF860048F0FD /* Assets.xcassets */ = {isa = PBXFileReference; lastKnownFileType = folder.assetcatalog; path = Assets.xcassets; sourceTree = "<group>"; };
		4CF6D3511D14EF860048F0FD /* Base */ = {isa = PBXFileReference; lastKnownFileType = file.storyboard; name = Base; path = Base.lproj/LaunchScreen.storyboard; sourceTree = "<group>"; };
		4CF6D3531D14EF860048F0FD /* Info.plist */ = {isa = PBXFileReference; lastKnownFileType = text.plist.xml; path = Info.plist; sourceTree = "<group>"; };
		4CF6D3581D14EF860048F0FD /* TomaTalkTests.xctest */ = {isa = PBXFileReference; explicitFileType = wrapper.cfbundle; includeInIndex = 0; path = TomaTalkTests.xctest; sourceTree = BUILT_PRODUCTS_DIR; };
		4CF6D35C1D14EF860048F0FD /* TomaTalkTests.swift */ = {isa = PBXFileReference; lastKnownFileType = sourcecode.swift; path = TomaTalkTests.swift; sourceTree = "<group>"; };
		4CF6D35E1D14EF860048F0FD /* Info.plist */ = {isa = PBXFileReference; lastKnownFileType = text.plist.xml; path = Info.plist; sourceTree = "<group>"; };
		4CF6D3631D14EF860048F0FD /* TomaTalkUITests.xctest */ = {isa = PBXFileReference; explicitFileType = wrapper.cfbundle; includeInIndex = 0; path = TomaTalkUITests.xctest; sourceTree = BUILT_PRODUCTS_DIR; };
		4CF6D3671D14EF860048F0FD /* TomaTalkUITests.swift */ = {isa = PBXFileReference; lastKnownFileType = sourcecode.swift; path = TomaTalkUITests.swift; sourceTree = "<group>"; };
		4CF6D3691D14EF860048F0FD /* Info.plist */ = {isa = PBXFileReference; lastKnownFileType = text.plist.xml; path = Info.plist; sourceTree = "<group>"; };
/* End PBXFileReference section */

/* Begin PBXFrameworksBuildPhase section */
		4CF6D3411D14EF860048F0FD /* Frameworks */ = {
			isa = PBXFrameworksBuildPhase;
			buildActionMask = 2147483647;
			files = (
			);
			runOnlyForDeploymentPostprocessing = 0;
		};
		4CF6D3551D14EF860048F0FD /* Frameworks */ = {
			isa = PBXFrameworksBuildPhase;
			buildActionMask = 2147483647;
			files = (
			);
			runOnlyForDeploymentPostprocessing = 0;
		};
		4CF6D3601D14EF860048F0FD /* Frameworks */ = {
			isa = PBXFrameworksBuildPhase;
			buildActionMask = 2147483647;
			files = (
			);
			runOnlyForDeploymentPostprocessing = 0;
		};
/* End PBXFrameworksBuildPhase section */

/* Begin PBXGroup section */
		4CF6D33B1D14EF860048F0FD = {
			isa = PBXGroup;
			children = (
				4CF6D3461D14EF860048F0FD /* TomaTalk */,
				4CF6D35B1D14EF860048F0FD /* TomaTalkTests */,
				4CF6D3661D14EF860048F0FD /* TomaTalkUITests */,
				4CF6D3451D14EF860048F0FD /* Products */,
			);
			sourceTree = "<group>";
		};
		4CF6D3451D14EF860048F0FD /* Products */ = {
			isa = PBXGroup;
			children = (
				4CF6D3441D14EF860048F0FD /* TomaTalk.app */,
				4CF6D3581D14EF860048F0FD /* TomaTalkTests.xctest */,
				4CF6D3631D14EF860048F0FD /* TomaTalkUITests.xctest */,
			);
			name = Products;
			sourceTree = "<group>";
		};
		4CF6D3461D14EF860048F0FD /* TomaTalk */ = {
			isa = PBXGroup;
			children = (
				4CF6D3471D14EF860048F0FD /* AppDelegate.swift */,
				4CF6D3491D14EF860048F0FD /* ViewController.swift */,
				4CF6D34B1D14EF860048F0FD /* Main.storyboard */,
				4CF6D34E1D14EF860048F0FD /* Assets.xcassets */,
				4CF6D3501D14EF860048F0FD /* LaunchScreen.storyboard */,
				4CF6D3531D14EF860048F0FD /* Info.plist */,
			);
			path = TomaTalk;
			sourceTree = "<group>";
		};
		4CF6D35B1D14EF860048F0FD /* TomaTalkTests */ = {
			isa = PBXGroup;
			children = (
				4CF6D35C1D14EF860048F0FD /* TomaTalkTests.swift */,
				4CF6D35E1D14EF860048F0FD /* Info.plist */,
			);
			path = TomaTalkTests;
			sourceTree = "<group>";
		};
		4CF6D3661D14EF860048F0FD /* TomaTalkUITests */ = {
			isa = PBXGroup;
			children = (
				4CF6D3671D14EF860048F0FD /* TomaTalkUITests.swift */,
				4CF6D3691D14EF860048F0FD /* Info.plist */,
			);
			path = TomaTalkUITests;
			sourceTree = "<group>";
		};
/* End PBXGroup section */

/* Begin PBXNativeTarget section */
		4CF6D3431D14EF860048F0FD /* TomaTalk */ = {
			isa = PBXNativeTarget;
			buildConfigurationList = 4CF6D36C1D14EF860048F0FD /* Build configuration list for PBXNativeTarget "TomaTalk" */;
			buildPhases = (
				4CF6D3401D14EF860048F0FD /* Sources */,
				4CF6D3411D14EF860048F0FD /* Frameworks */,
				4CF6D3421D14EF860048F0FD /* Resources */,
			);
			buildRules = (
			);
			dependencies = (
			);
			name = TomaTalk;
			productName = TomaTalk;
			productReference = 4CF6D3441D14EF860048F0FD /* TomaTalk.app */;
			productType = "com.apple.product-type.application";
		};
		4CF6D3571D14EF860048F0FD /* TomaTalkTests */ = {
			isa = PBXNativeTarget;
			buildConfigurationList = 4CF6D36F1D14EF860048F0FD /* Build configuration list for PBXNativeTarget "TomaTalkTests" */;
			buildPhases = (
				4CF6D3541D14EF860048F0FD /* Sources */,
				4CF6D3551D14EF860048F0FD /* Frameworks */,
				4CF6D3561D14EF860048F0FD /* Resources */,
			);
			buildRules = (
			);
			dependencies = (
				4CF6D35A1D14EF860048F0FD /* PBXTargetDependency */,
			);
			name = TomaTalkTests;
			productName = TomaTalkTests;
			productReference = 4CF6D3581D14EF860048F0FD /* TomaTalkTests.xctest */;
			productType = "com.apple.product-type.bundle.unit-test";
		};
		4CF6D3621D14EF860048F0FD /* TomaTalkUITests */ = {
			isa = PBXNativeTarget;
			buildConfigurationList = 4CF6D3721D14EF860048F0FD /* Build configuration list for PBXNativeTarget "TomaTalkUITests" */;
			buildPhases = (
				4CF6D35F1D14EF860048F0FD /* Sources */,
				4CF6D3601D14EF860048F0FD /* Frameworks */,
				4CF6D3611D14EF860048F0FD /* Resources */,
			);
			buildRules = (
			);
			dependencies = (
				4CF6D3651D14EF860048F0FD /* PBXTargetDependency */,
			);
			name = TomaTalkUITests;
			productName = TomaTalkUITests;
			productReference = 4CF6D3631D14EF860048F0FD /* TomaTalkUITests.xctest */;
			productType = "com.apple.product-type.bundle.ui-testing";
		};
/* End PBXNativeTarget section */

/* Begin PBXProject section */
		4CF6D33C1D14EF860048F0FD /* Project object */ = {
			isa = PBXProject;
			attributes = {
				LastSwiftUpdateCheck = 0720;
				LastUpgradeCheck = 0720;
				ORGANIZATIONNAME = skywalk;
				TargetAttributes = {
					4CF6D3431D14EF860048F0FD = {
						CreatedOnToolsVersion = 7.2.1;
					};
					4CF6D3571D14EF860048F0FD = {
						CreatedOnToolsVersion = 7.2.1;
						TestTargetID = 4CF6D3431D14EF860048F0FD;
					};
					4CF6D3621D14EF860048F0FD = {
						CreatedOnToolsVersion = 7.2.1;
						TestTargetID = 4CF6D3431D14EF860048F0FD;
					};
				};
			};
			buildConfigurationList = 4CF6D33F1D14EF860048F0FD /* Build configuration list for PBXProject "TomaTalk" */;
			compatibilityVersion = "Xcode 3.2";
			developmentRegion = English;
			hasScannedForEncodings = 0;
			knownRegions = (
				en,
				Base,
			);
			mainGroup = 4CF6D33B1D14EF860048F0FD;
			productRefGroup = 4CF6D3451D14EF860048F0FD /* Products */;
			projectDirPath = "";
			projectRoot = "";
			targets = (
				4CF6D3431D14EF860048F0FD /* TomaTalk */,
				4CF6D3571D14EF860048F0FD /* TomaTalkTests */,
				4CF6D3621D14EF860048F0FD /* TomaTalkUITests */,
			);
		};
/* End PBXProject section */

/* Begin PBXResourcesBuildPhase section */
		4CF6D3421D14EF860048F0FD /* Resources */ = {
			isa = PBXResourcesBuildPhase;
			buildActionMask = 2147483647;
			files = (
				4CF6D3521D14EF860048F0FD /* LaunchScreen.storyboard in Resources */,
				4CF6D34F1D14EF860048F0FD /* Assets.xcassets in Resources */,
				4CF6D34D1D14EF860048F0FD /* Main.storyboard in Resources */,
			);
			runOnlyForDeploymentPostprocessing = 0;
		};
		4CF6D3561D14EF860048F0FD /* Resources */ = {
			isa = PBXResourcesBuildPhase;
			buildActionMask = 2147483647;
			files = (
			);
			runOnlyForDeploymentPostprocessing = 0;
		};
		4CF6D3611D14EF860048F0FD /* Resources */ = {
			isa = PBXResourcesBuildPhase;
			buildActionMask = 2147483647;
			files = (
			);
			runOnlyForDeploymentPostprocessing = 0;
		};
/* End PBXResourcesBuildPhase section */

/* Begin PBXSourcesBuildPhase section */
		4CF6D3401D14EF860048F0FD /* Sources */ = {
			isa = PBXSourcesBuildPhase;
			buildActionMask = 2147483647;
			files = (
				4CF6D34A1D14EF860048F0FD /* ViewController.swift in Sources */,
				4CF6D3481D14EF860048F0FD /* AppDelegate.swift in Sources */,
			);
			runOnlyForDeploymentPostprocessing = 0;
		};
		4CF6D3541D14EF860048F0FD /* Sources */ = {
			isa = PBXSourcesBuildPhase;
			buildActionMask = 2147483647;
			files = (
				4CF6D35D1D14EF860048F0FD /* TomaTalkTests.swift in Sources */,
			);
			runOnlyForDeploymentPostprocessing = 0;
		};
		4CF6D35F1D14EF860048F0FD /* Sources */ = {
			isa = PBXSourcesBuildPhase;
			buildActionMask = 2147483647;
			files = (
				4CF6D3681D14EF860048F0FD /* TomaTalkUITests.swift in Sources */,
			);
			runOnlyForDeploymentPostprocessing = 0;
		};
/* End PBXSourcesBuildPhase section */

/* Begin PBXTargetDependency section */
		4CF6D35A1D14EF860048F0FD /* PBXTargetDependency */ = {
			isa = PBXTargetDependency;
			target = 4CF6D3431D14EF860048F0FD /* TomaTalk */;
			targetProxy = 4CF6D3591D14EF860048F0FD /* PBXContainerItemProxy */;
		};
		4CF6D3651D14EF860048F0FD /* PBXTargetDependency */ = {
			isa = PBXTargetDependency;
			target = 4CF6D3431D14EF860048F0FD /* TomaTalk */;
			targetProxy = 4CF6D3641D14EF860048F0FD /* PBXContainerItemProxy */;
		};
/* End PBXTargetDependency section */

/* Begin PBXVariantGroup section */
		4CF6D34B1D14EF860048F0FD /* Main.storyboard */ = {
			isa = PBXVariantGroup;
			children = (
				4CF6D34C1D14EF860048F0FD /* Base */,
			);
			name = Main.storyboard;
			sourceTree = "<group>";
		};
		4CF6D3501D14EF860048F0FD /* LaunchScreen.storyboard */ = {
			isa = PBXVariantGroup;
			children = (
				4CF6D3511D14EF860048F0FD /* Base */,
			);
			name = LaunchScreen.storyboard;
			sourceTree = "<group>";
		};
/* End PBXVariantGroup section */

/* Begin XCBuildConfiguration section */
		4CF6D36A1D14EF860048F0FD /* Debug */ = {
			isa = XCBuildConfiguration;
			buildSettings = {
				ALWAYS_SEARCH_USER_PATHS = NO;
				CLANG_CXX_LANGUAGE_STANDARD = "gnu++0x";
				CLANG_CXX_LIBRARY = "libc++";
				CLANG_ENABLE_MODULES = YES;
				CLANG_ENABLE_OBJC_ARC = YES;
				CLANG_WARN_BOOL_CONVERSION = YES;
				CLANG_WARN_CONSTANT_CONVERSION = YES;
				CLANG_WARN_DIRECT_OBJC_ISA_USAGE = YES_ERROR;
				CLANG_WARN_EMPTY_BODY = YES;
				CLANG_WARN_ENUM_CONVERSION = YES;
				CLANG_WARN_INT_CONVERSION = YES;
				CLANG_WARN_OBJC_ROOT_CLASS = YES_ERROR;
				CLANG_WARN_UNREACHABLE_CODE = YES;
				CLANG_WARN__DUPLICATE_METHOD_MATCH = YES;
				"CODE_SIGN_IDENTITY[sdk=iphoneos*]" = "iPhone Developer";
				COPY_PHASE_STRIP = NO;
				DEBUG_INFORMATION_FORMAT = dwarf;
				ENABLE_STRICT_OBJC_MSGSEND = YES;
				ENABLE_TESTABILITY = YES;
				GCC_C_LANGUAGE_STANDARD = gnu99;
				GCC_DYNAMIC_NO_PIC = NO;
				GCC_NO_COMMON_BLOCKS = YES;
				GCC_OPTIMIZATION_LEVEL = 0;
				GCC_PREPROCESSOR_DEFINITIONS = (
					"DEBUG=1",
					"$(inherited)",
				);
				GCC_WARN_64_TO_32_BIT_CONVERSION = YES;
				GCC_WARN_ABOUT_RETURN_TYPE = YES_ERROR;
				GCC_WARN_UNDECLARED_SELECTOR = YES;
				GCC_WARN_UNINITIALIZED_AUTOS = YES_AGGRESSIVE;
				GCC_WARN_UNUSED_FUNCTION = YES;
				GCC_WARN_UNUSED_VARIABLE = YES;
				IPHONEOS_DEPLOYMENT_TARGET = 9.2;
				MTL_ENABLE_DEBUG_INFO = YES;
				ONLY_ACTIVE_ARCH = YES;
				SDKROOT = iphoneos;
				SWIFT_OPTIMIZATION_LEVEL = "-Onone";
				TARGETED_DEVICE_FAMILY = "1,2";
			};
			name = Debug;
		};
		4CF6D36B1D14EF860048F0FD /* Release */ = {
			isa = XCBuildConfiguration;
			buildSettings = {
				ALWAYS_SEARCH_USER_PATHS = NO;
				CLANG_CXX_LANGUAGE_STANDARD = "gnu++0x";
				CLANG_CXX_LIBRARY = "libc++";
				CLANG_ENABLE_MODULES = YES;
				CLANG_ENABLE_OBJC_ARC = YES;
				CLANG_WARN_BOOL_CONVERSION = YES;
				CLANG_WARN_CONSTANT_CONVERSION = YES;
				CLANG_WARN_DIRECT_OBJC_ISA_USAGE = YES_ERROR;
				CLANG_WARN_EMPTY_BODY = YES;
				CLANG_WARN_ENUM_CONVERSION = YES;
				CLANG_WARN_INT_CONVERSION = YES;
				CLANG_WARN_OBJC_ROOT_CLASS = YES_ERROR;
				CLANG_WARN_UNREACHABLE_CODE = YES;
				CLANG_WARN__DUPLICATE_METHOD_MATCH = YES;
				"CODE_SIGN_IDENTITY[sdk=iphoneos*]" = "iPhone Developer";
				COPY_PHASE_STRIP = NO;
				DEBUG_INFORMATION_FORMAT = "dwarf-with-dsym";
				ENABLE_NS_ASSERTIONS = NO;
				ENABLE_STRICT_OBJC_MSGSEND = YES;
				GCC_C_LANGUAGE_STANDARD = gnu99;
				GCC_NO_COMMON_BLOCKS = YES;
				GCC_WARN_64_TO_32_BIT_CONVERSION = YES;
				GCC_WARN_ABOUT_RETURN_TYPE = YES_ERROR;
				GCC_WARN_UNDECLARED_SELECTOR = YES;
				GCC_WARN_UNINITIALIZED_AUTOS = YES_AGGRESSIVE;
				GCC_WARN_UNUSED_FUNCTION = YES;
				GCC_WARN_UNUSED_VARIABLE = YES;
				IPHONEOS_DEPLOYMENT_TARGET = 9.2;
				MTL_ENABLE_DEBUG_INFO = NO;
				SDKROOT = iphoneos;
				TARGETED_DEVICE_FAMILY = "1,2";
				VALIDATE_PRODUCT = YES;
			};
			name = Release;
		};
		4CF6D36D1D14EF860048F0FD /* Debug */ = {
			isa = XCBuildConfiguration;
			buildSettings = {
				ASSETCATALOG_COMPILER_APPICON_NAME = AppIcon;
				INFOPLIST_FILE = TomaTalk/Info.plist;
				LD_RUNPATH_SEARCH_PATHS = "$(inherited) @executable_path/Frameworks";
				PRODUCT_BUNDLE_IDENTIFIER = com.skywalk.TomaTalk;
				PRODUCT_NAME = "$(TARGET_NAME)";
			};
			name = Debug;
		};
		4CF6D36E1D14EF860048F0FD /* Release */ = {
			isa = XCBuildConfiguration;
			buildSettings = {
				ASSETCATALOG_COMPILER_APPICON_NAME = AppIcon;
				INFOPLIST_FILE = TomaTalk/Info.plist;
				LD_RUNPATH_SEARCH_PATHS = "$(inherited) @executable_path/Frameworks";
				PRODUCT_BUNDLE_IDENTIFIER = com.skywalk.TomaTalk;
				PRODUCT_NAME = "$(TARGET_NAME)";
			};
			name = Release;
		};
		4CF6D3701D14EF860048F0FD /* Debug */ = {
			isa = XCBuildConfiguration;
			buildSettings = {
				BUNDLE_LOADER = "$(TEST_HOST)";
				INFOPLIST_FILE = TomaTalkTests/Info.plist;
				LD_RUNPATH_SEARCH_PATHS = "$(inherited) @executable_path/Frameworks @loader_path/Frameworks";
				PRODUCT_BUNDLE_IDENTIFIER = com.skywalk.TomaTalkTests;
				PRODUCT_NAME = "$(TARGET_NAME)";
				TEST_HOST = "$(BUILT_PRODUCTS_DIR)/TomaTalk.app/TomaTalk";
			};
			name = Debug;
		};
		4CF6D3711D14EF860048F0FD /* Release */ = {
			isa = XCBuildConfiguration;
			buildSettings = {
				BUNDLE_LOADER = "$(TEST_HOST)";
				INFOPLIST_FILE = TomaTalkTests/Info.plist;
				LD_RUNPATH_SEARCH_PATHS = "$(inherited) @executable_path/Frameworks @loader_path/Frameworks";
				PRODUCT_BUNDLE_IDENTIFIER = com.skywalk.TomaTalkTests;
				PRODUCT_NAME = "$(TARGET_NAME)";
				TEST_HOST = "$(BUILT_PRODUCTS_DIR)/TomaTalk.app/TomaTalk";
			};
			name = Release;
		};
		4CF6D3731D14EF860048F0FD /* Debug */ = {
			isa = XCBuildConfiguration;
			buildSettings = {
				INFOPLIST_FILE = TomaTalkUITests/Info.plist;
				LD_RUNPATH_SEARCH_PATHS = "$(inherited) @executable_path/Frameworks @loader_path/Frameworks";
				PRODUCT_BUNDLE_IDENTIFIER = com.skywalk.TomaTalkUITests;
				PRODUCT_NAME = "$(TARGET_NAME)";
				TEST_TARGET_NAME = TomaTalk;
				USES_XCTRUNNER = YES;
			};
			name = Debug;
		};
		4CF6D3741D14EF860048F0FD /* Release */ = {
			isa = XCBuildConfiguration;
			buildSettings = {
				INFOPLIST_FILE = TomaTalkUITests/Info.plist;
				LD_RUNPATH_SEARCH_PATHS = "$(inherited) @executable_path/Frameworks @loader_path/Frameworks";
				PRODUCT_BUNDLE_IDENTIFIER = com.skywalk.TomaTalkUITests;
				PRODUCT_NAME = "$(TARGET_NAME)";
				TEST_TARGET_NAME = TomaTalk;
				USES_XCTRUNNER = YES;
			};
			name = Release;
		};
/* End XCBuildConfiguration section */

/* Begin XCConfigurationList section */
		4CF6D33F1D14EF860048F0FD /* Build configuration list for PBXProject "TomaTalk" */ = {
			isa = XCConfigurationList;
			buildConfigurations = (
				4CF6D36A1D14EF860048F0FD /* Debug */,
				4CF6D36B1D14EF860048F0FD /* Release */,
			);
			defaultConfigurationIsVisible = 0;
			defaultConfigurationName = Release;
		};
		4CF6D36C1D14EF860048F0FD /* Build configuration list for PBXNativeTarget "TomaTalk" */ = {
			isa = XCConfigurationList;
			buildConfigurations = (
				4CF6D36D1D14EF860048F0FD /* Debug */,
				4CF6D36E1D14EF860048F0FD /* Release */,
			);
			defaultConfigurationIsVisible = 0;
		};
		4CF6D36F1D14EF860048F0FD /* Build configuration list for PBXNativeTarget "TomaTalkTests" */ = {
			isa = XCConfigurationList;
			buildConfigurations = (
				4CF6D3701D14EF860048F0FD /* Debug */,
				4CF6D3711D14EF860048F0FD /* Release */,
			);
			defaultConfigurationIsVisible = 0;
		};
		4CF6D3721D14EF860048F0FD /* Build configuration list for PBXNativeTarget "TomaTalkUITests" */ = {
			isa = XCConfigurationList;
			buildConfigurations = (
				4CF6D3731D14EF860048F0FD /* Debug */,
				4CF6D3741D14EF860048F0FD /* Release */,
			);
			defaultConfigurationIsVisible = 0;
		};
/* End XCConfigurationList section */
	};
	rootObject = 4CF6D33C1D14EF860048F0FD /* Project object */;
}
